
Microsoft Visual Studio Solution File, Format Version 12.00
# Visual Studio Version 16
VisualStudioVersion = 16.0.35325.158
MinimumVisualStudioVersion = 10.0.40219.1
Project("{8BC9CEB8-8B4A-11D0-8D11-00A0C91BC942}") = "myshell", "myshell\myshell.vcxproj", "{64EB939D-9511-4211-8B2D-504476BF67F5}"
	ProjectSection(ProjectDependencies) = postProject
		{46191D68-903E-4DCB-803B-7CD3F212AEBE} = {46191D68-903E-4DCB-803B-7CD3F212AEBE}
		{EB093AB0-C7F5-49BD-980B-06793999F820} = {EB093AB0-C7F5-49BD-980B-06793999F820}
	EndProjectSection
EndProject
Project("{8BC9CEB8-8B4A-11D0-8D11-00A0C91BC942}") = "explorer", "explorer\explorer.vcxproj", "{EB093AB0-C7F5-49BD-980B-06793999F820}"
EndProject
Project("{8BC9CEB8-8B4A-11D0-8D11-00A0C91BC942}") = "Window", "Window\Window.vcxproj", "{46191D68-903E-4DCB-803B-7CD3F212AEBE}"
EndProject
Global
	GlobalSection(SolutionConfigurationPlatforms) = preSolution
		Debug|ARM = Debug|ARM
		Debug|ARM64 = Debug|ARM64
		Debug|x64 = Debug|x64
		Debug|x86 = Debug|x86
		Release|ARM = Release|ARM
		Release|ARM64 = Release|ARM64
		Release|x64 = Release|x64
		Release|x86 = Release|x86
	EndGlobalSection
	GlobalSection(ProjectConfigurationPlatforms) = postSolution
		{64EB939D-9511-4211-8B2D-504476BF67F5}.Debug|ARM.ActiveCfg = Debug|ARM
		{64EB939D-9511-4211-8B2D-504476BF67F5}.Debug|ARM.Build.0 = Debug|ARM
		{64EB939D-9511-4211-8B2D-504476BF67F5}.Debug|ARM.Deploy.0 = Debug|ARM
		{64EB939D-9511-4211-8B2D-504476BF67F5}.Debug|ARM64.ActiveCfg = Debug|ARM64
		{64EB939D-9511-4211-8B2D-504476BF67F5}.Debug|ARM64.Build.0 = Debug|ARM64
		{64EB939D-9511-4211-8B2D-504476BF67F5}.Debug|ARM64.Deploy.0 = Debug|ARM64
		{64EB939D-9511-4211-8B2D-504476BF67F5}.Debug|x64.ActiveCfg = Debug|x64
		{64EB939D-9511-4211-8B2D-504476BF67F5}.Debug|x64.Build.0 = Debug|x64
		{64EB939D-9511-4211-8B2D-504476BF67F5}.Debug|x64.Deploy.0 = Debug|x64
		{64EB939D-9511-4211-8B2D-504476BF67F5}.Debug|x86.ActiveCfg = Debug|x86
		{64EB939D-9511-4211-8B2D-504476BF67F5}.Debug|x86.Build.0 = Debug|x86
		{64EB939D-9511-4211-8B2D-504476BF67F5}.Debug|x86.Deploy.0 = Debug|x86
		{64EB939D-9511-4211-8B2D-504476BF67F5}.Release|ARM.ActiveCfg = Release|ARM
		{64EB939D-9511-4211-8B2D-504476BF67F5}.Release|ARM.Build.0 = Release|ARM
		{64EB939D-9511-4211-8B2D-504476BF67F5}.Release|ARM.Deploy.0 = Release|ARM
		{64EB939D-9511-4211-8B2D-504476BF67F5}.Release|ARM64.ActiveCfg = Release|ARM64
		{64EB939D-9511-4211-8B2D-504476BF67F5}.Release|ARM64.Build.0 = Release|ARM64
		{64EB939D-9511-4211-8B2D-504476BF67F5}.Release|ARM64.Deploy.0 = Release|ARM64
		{64EB939D-9511-4211-8B2D-504476BF67F5}.Release|x64.ActiveCfg = Release|x64
		{64EB939D-9511-4211-8B2D-504476BF67F5}.Release|x64.Build.0 = Release|x64
		{64EB939D-9511-4211-8B2D-504476BF67F5}.Release|x64.Deploy.0 = Release|x64
		{64EB939D-9511-4211-8B2D-504476BF67F5}.Release|x86.ActiveCfg = Release|x86
		{64EB939D-9511-4211-8B2D-504476BF67F5}.Release|x86.Build.0 = Release|x86
		{64EB939D-9511-4211-8B2D-504476BF67F5}.Release|x86.Deploy.0 = Release|x86
		{EB093AB0-C7F5-49BD-980B-06793999F820}.Debug|ARM.ActiveCfg = Debug|ARM
		{EB093AB0-C7F5-49BD-980B-06793999F820}.Debug|ARM.Build.0 = Debug|ARM
		{EB093AB0-C7F5-49BD-980B-06793999F820}.Debug|ARM.Deploy.0 = Debug|ARM
		{EB093AB0-C7F5-49BD-980B-06793999F820}.Debug|ARM64.ActiveCfg = Debug|ARM64
		{EB093AB0-C7F5-49BD-980B-06793999F820}.Debug|ARM64.Build.0 = Debug|ARM64
		{EB093AB0-C7F5-49BD-980B-06793999F820}.Debug|ARM64.Deploy.0 = Debug|ARM64
		{EB093AB0-C7F5-49BD-980B-06793999F820}.Debug|x64.ActiveCfg = Debug|x64
		{EB093AB0-C7F5-49BD-980B-06793999F820}.Debug|x64.Build.0 = Debug|x64
		{EB093AB0-C7F5-49BD-980B-06793999F820}.Debug|x64.Deploy.0 = Debug|x64
		{EB093AB0-C7F5-49BD-980B-06793999F820}.Debug|x86.ActiveCfg = Debug|x86
		{EB093AB0-C7F5-49BD-980B-06793999F820}.Debug|x86.Build.0 = Debug|x86
		{EB093AB0-C7F5-49BD-980B-06793999F820}.Debug|x86.Deploy.0 = Debug|x86
		{EB093AB0-C7F5-49BD-980B-06793999F820}.Release|ARM.ActiveCfg = Release|ARM
		{EB093AB0-C7F5-49BD-980B-06793999F820}.Release|ARM.Build.0 = Release|ARM
		{EB093AB0-C7F5-49BD-980B-06793999F820}.Release|ARM.Deploy.0 = Release|ARM
		{EB093AB0-C7F5-49BD-980B-06793999F820}.Release|ARM64.ActiveCfg = Release|ARM64
		{EB093AB0-C7F5-49BD-980B-06793999F820}.Release|ARM64.Build.0 = Release|ARM64
		{EB093AB0-C7F5-49BD-980B-06793999F820}.Release|ARM64.Deploy.0 = Release|ARM64
		{EB093AB0-C7F5-49BD-980B-06793999F820}.Release|x64.ActiveCfg = Release|x64
		{EB093AB0-C7F5-49BD-980B-06793999F820}.Release|x64.Build.0 = Release|x64
		{EB093AB0-C7F5-49BD-980B-06793999F820}.Release|x64.Deploy.0 = Release|x64
		{EB093AB0-C7F5-49BD-980B-06793999F820}.Release|x86.ActiveCfg = Release|x86
		{EB093AB0-C7F5-49BD-980B-06793999F820}.Release|x86.Build.0 = Release|x86
		{EB093AB0-C7F5-49BD-980B-06793999F820}.Release|x86.Deploy.0 = Release|x86
		{46191D68-903E-4DCB-803B-7CD3F212AEBE}.Debug|ARM.ActiveCfg = Debug|ARM
		{46191D68-903E-4DCB-803B-7CD3F212AEBE}.Debug|ARM.Build.0 = Debug|ARM
		{46191D68-903E-4DCB-803B-7CD3F212AEBE}.Debug|ARM.Deploy.0 = Debug|ARM
		{46191D68-903E-4DCB-803B-7CD3F212AEBE}.Debug|ARM64.ActiveCfg = Debug|ARM64
		{46191D68-903E-4DCB-803B-7CD3F212AEBE}.Debug|ARM64.Build.0 = Debug|ARM64
		{46191D68-903E-4DCB-803B-7CD3F212AEBE}.Debug|ARM64.Deploy.0 = Debug|ARM64
		{46191D68-903E-4DCB-803B-7CD3F212AEBE}.Debug|x64.ActiveCfg = Debug|x64
		{46191D68-903E-4DCB-803B-7CD3F212AEBE}.Debug|x64.Build.0 = Debug|x64
		{46191D68-903E-4DCB-803B-7CD3F212AEBE}.Debug|x64.Deploy.0 = Debug|x64
		{46191D68-903E-4DCB-803B-7CD3F212AEBE}.Debug|x86.ActiveCfg = Debug|x86
		{46191D68-903E-4DCB-803B-7CD3F212AEBE}.Debug|x86.Build.0 = Debug|x86
		{46191D68-903E-4DCB-803B-7CD3F212AEBE}.Debug|x86.Deploy.0 = Debug|x86
		{46191D68-903E-4DCB-803B-7CD3F212AEBE}.Release|ARM.ActiveCfg = Release|ARM
		{46191D68-903E-4DCB-803B-7CD3F212AEBE}.Release|ARM.Build.0 = Release|ARM
		{46191D68-903E-4DCB-803B-7CD3F212AEBE}.Release|ARM.Deploy.0 = Release|ARM
		{46191D68-903E-4DCB-803B-7CD3F212AEBE}.Release|ARM64.ActiveCfg = Release|ARM64
		{46191D68-903E-4DCB-803B-7CD3F212AEBE}.Release|ARM64.Build.0 = Release|ARM64
		{46191D68-903E-4DCB-803B-7CD3F212AEBE}.Release|ARM64.Deploy.0 = Release|ARM64
		{46191D68-903E-4DCB-803B-7CD3F212AEBE}.Release|x64.ActiveCfg = Release|x64
		{46191D68-903E-4DCB-803B-7CD3F212AEBE}.Release|x64.Build.0 = Release|x64
		{46191D68-903E-4DCB-803B-7CD3F212AEBE}.Release|x64.Deploy.0 = Release|x64
		{46191D68-903E-4DCB-803B-7CD3F212AEBE}.Release|x86.ActiveCfg = Release|x86
		{46191D68-903E-4DCB-803B-7CD3F212AEBE}.Release|x86.Build.0 = Release|x86
		{46191D68-903E-4DCB-803B-7CD3F212AEBE}.Release|x86.Deploy.0 = Release|x86
	EndGlobalSection
	GlobalSection(SolutionProperties) = preSolution
		HideSolutionNode = FALSE
	EndGlobalSection
	GlobalSection(ExtensibilityGlobals) = postSolution
		SolutionGuid = {58C30B67-F216-4AC4-B3D1-3BC218A3AC6A}
	EndGlobalSection
EndGlobal
